
Microsoft Visual Studio Solution File, Format Version 12.00
# Visual Studio Version 16
VisualStudioVersion = 16.0.31702.278
MinimumVisualStudioVersion = 10.0.40219.1
Project("{FAE04EC0-301F-11D3-BF4B-00C04F79EFBC}") = "Orientada_A_Objetos", "Orientada_A_Objetos.csproj", "{8AB3D9C6-0572-4EA9-9238-C73BDE24484B}"
EndProject
Global
	GlobalSection(SolutionConfigurationPlatforms) = preSolution
		Debug|Any CPU = Debug|Any CPU
		Release|Any CPU = Release|Any CPU
	EndGlobalSection
	GlobalSection(ProjectConfigurationPlatforms) = postSolution
		{8AB3D9C6-0572-4EA9-9238-C73BDE24484B}.Debug|Any CPU.ActiveCfg = Debug|Any CPU
		{8AB3D9C6-0572-4EA9-9238-C73BDE24484B}.Debug|Any CPU.Build.0 = Debug|Any CPU
		{8AB3D9C6-0572-4EA9-9238-C73BDE24484B}.Release|Any CPU.ActiveCfg = Release|Any CPU
		{8AB3D9C6-0572-4EA9-9238-C73BDE24484B}.Release|Any CPU.Build.0 = Release|Any CPU
	EndGlobalSection
	GlobalSection(SolutionProperties) = preSolution
		HideSolutionNode = FALSE
	EndGlobalSection
	GlobalSection(ExtensibilityGlobals) = postSolution
		SolutionGuid = {3E1FEC64-5235-48D2-97C8-F6A4573523DD}
	EndGlobalSection
EndGlobal
